
Microsoft Visual Studio Solution File, Format Version 12.00
# Visual Studio 2013
VisualStudioVersion = 12.0.40629.0
MinimumVisualStudioVersion = 10.0.40219.1
Project("{2150E333-8FDC-42A3-9474-1A3956D46DE8}") = "01-Domain", "01-Domain", "{5B1644BA-0675-42CC-B475-702BBA9171FB}"
EndProject
Project("{FAE04EC0-301F-11D3-BF4B-00C04F79EFBC}") = "FashionStore.Domain.Core", "FasionStore.Domain.Core\FashionStore.Domain.Core.csproj", "{8E74B5DA-5180-4953-9D5A-64861BA15D08}"
EndProject
Project("{FAE04EC0-301F-11D3-BF4B-00C04F79EFBC}") = "FashionStore.Domain.Repository.Interfaces", "FashionStore.Domain.Interfaces\FashionStore.Domain.Repository.Interfaces.csproj", "{2B7668B7-993F-4480-B60C-3E9D337C7E7C}"
EndProject
Project("{2150E333-8FDC-42A3-9474-1A3956D46DE8}") = "02-Service", "02-Service", "{10187481-406D-48C2-8BDF-9624EA158455}"
EndProject
Project("{FAE04EC0-301F-11D3-BF4B-00C04F79EFBC}") = "FashionStore.Service.Interfaces", "FashionStore.ServiceInterfaces\FashionStore.Service.Interfaces.csproj", "{E3CAD136-5E7B-4F00-99E5-E603B136E632}"
EndProject
Project("{FAE04EC0-301F-11D3-BF4B-00C04F79EFBC}") = "FashionStore.Infastructure.Data.Repository", "Infrastructure.Data\FashionStore.Infastructure.Data.Repository.csproj", "{E21098F4-0741-433F-AD18-92DE2EA9903B}"
EndProject
Project("{FAE04EC0-301F-11D3-BF4B-00C04F79EFBC}") = "FashionStore.Infastructure.Data.Context.Identity", "Infastructure.Data.Identity\FashionStore.Infastructure.Data.Context.Identity.csproj", "{05333C8C-8A0C-4053-BCAE-884D6FD81FF3}"
EndProject
Project("{FAE04EC0-301F-11D3-BF4B-00C04F79EFBC}") = "FashionStore.Infrastructure.Data.Context.Store", "Infrastructure.Data.Context\FashionStore.Infrastructure.Data.Context.Store.csproj", "{2E1BCA01-DB6F-48F7-8FC7-D64BC10DFCFC}"
EndProject
Project("{FAE04EC0-301F-11D3-BF4B-00C04F79EFBC}") = "FashionStore.Infastructure.Data.Service", "Infrastructure.Data.Service\FashionStore.Infastructure.Data.Service.csproj", "{62FA6DCD-7DF0-4457-AC16-3E5D25A15CF2}"
EndProject
Project("{2150E333-8FDC-42A3-9474-1A3956D46DE8}") = "03-Infastructure", "03-Infastructure", "{E53171B8-5CFB-46D5-948B-6E5EDF8AC3DA}"
EndProject
Project("{2150E333-8FDC-42A3-9474-1A3956D46DE8}") = "Data", "Data", "{B82E7B86-5D45-4A5D-B6BB-79EBA37B3A0A}"
EndProject
Project("{2150E333-8FDC-42A3-9474-1A3956D46DE8}") = "Context", "Context", "{E89B5F77-58DB-4EFD-9A7D-ADB571747959}"
EndProject
Project("{2150E333-8FDC-42A3-9474-1A3956D46DE8}") = "Bootstrapper", "Bootstrapper", "{FA64E865-C495-40E4-B48F-B94C4527B092}"
EndProject
Project("{FAE04EC0-301F-11D3-BF4B-00C04F79EFBC}") = "FashionStore.Infastructure.Bootstrapper.InversionOfControl", "FashionStore.Infastructure.Bootstrapper.IoC\FashionStore.Infastructure.Bootstrapper.InversionOfControl.csproj", "{22A79E83-2899-492E-A6D4-9E8044D9BC6F}"
EndProject
Project("{2150E333-8FDC-42A3-9474-1A3956D46DE8}") = "Ioc", "Ioc", "{5A36D4BE-1C61-4107-B061-4DF0D5F4CC49}"
EndProject
Project("{2150E333-8FDC-42A3-9474-1A3956D46DE8}") = "Logging", "Logging", "{7A0F257D-6CB9-4420-8B87-206517F541B5}"
EndProject
Project("{FAE04EC0-301F-11D3-BF4B-00C04F79EFBC}") = "FashionStore.Infastructure.Logging.Log", "FashionStore.Infastructure.Logging.Log\FashionStore.Infastructure.Logging.Log.csproj", "{FB8FC44B-B311-447C-8699-639C4DF19A04}"
EndProject
Project("{2150E333-8FDC-42A3-9474-1A3956D46DE8}") = "05-Presentation", "05-Presentation", "{D25D356C-FF6B-4CF0-BB88-2360EEA1259D}"
EndProject
Project("{2150E333-8FDC-42A3-9474-1A3956D46DE8}") = "04-Application", "04-Application", "{EE56A097-698B-48CA-95AA-F553EDE54F02}"
EndProject
Project("{FAE04EC0-301F-11D3-BF4B-00C04F79EFBC}") = "FashionStore", "FashionStore\FashionStore.csproj", "{2B734623-CF83-4A2F-9B4B-9150749A40A6}"
EndProject
Global
	GlobalSection(SolutionConfigurationPlatforms) = preSolution
		Debug|Any CPU = Debug|Any CPU
		Release|Any CPU = Release|Any CPU
	EndGlobalSection
	GlobalSection(ProjectConfigurationPlatforms) = postSolution
		{8E74B5DA-5180-4953-9D5A-64861BA15D08}.Debug|Any CPU.ActiveCfg = Debug|Any CPU
		{8E74B5DA-5180-4953-9D5A-64861BA15D08}.Debug|Any CPU.Build.0 = Debug|Any CPU
		{8E74B5DA-5180-4953-9D5A-64861BA15D08}.Release|Any CPU.ActiveCfg = Release|Any CPU
		{8E74B5DA-5180-4953-9D5A-64861BA15D08}.Release|Any CPU.Build.0 = Release|Any CPU
		{2B7668B7-993F-4480-B60C-3E9D337C7E7C}.Debug|Any CPU.ActiveCfg = Debug|Any CPU
		{2B7668B7-993F-4480-B60C-3E9D337C7E7C}.Debug|Any CPU.Build.0 = Debug|Any CPU
		{2B7668B7-993F-4480-B60C-3E9D337C7E7C}.Release|Any CPU.ActiveCfg = Release|Any CPU
		{2B7668B7-993F-4480-B60C-3E9D337C7E7C}.Release|Any CPU.Build.0 = Release|Any CPU
		{E3CAD136-5E7B-4F00-99E5-E603B136E632}.Debug|Any CPU.ActiveCfg = Debug|Any CPU
		{E3CAD136-5E7B-4F00-99E5-E603B136E632}.Debug|Any CPU.Build.0 = Debug|Any CPU
		{E3CAD136-5E7B-4F00-99E5-E603B136E632}.Release|Any CPU.ActiveCfg = Release|Any CPU
		{E3CAD136-5E7B-4F00-99E5-E603B136E632}.Release|Any CPU.Build.0 = Release|Any CPU
		{E21098F4-0741-433F-AD18-92DE2EA9903B}.Debug|Any CPU.ActiveCfg = Debug|Any CPU
		{E21098F4-0741-433F-AD18-92DE2EA9903B}.Debug|Any CPU.Build.0 = Debug|Any CPU
		{E21098F4-0741-433F-AD18-92DE2EA9903B}.Release|Any CPU.ActiveCfg = Release|Any CPU
		{E21098F4-0741-433F-AD18-92DE2EA9903B}.Release|Any CPU.Build.0 = Release|Any CPU
		{05333C8C-8A0C-4053-BCAE-884D6FD81FF3}.Debug|Any CPU.ActiveCfg = Debug|Any CPU
		{05333C8C-8A0C-4053-BCAE-884D6FD81FF3}.Debug|Any CPU.Build.0 = Debug|Any CPU
		{05333C8C-8A0C-4053-BCAE-884D6FD81FF3}.Release|Any CPU.ActiveCfg = Release|Any CPU
		{05333C8C-8A0C-4053-BCAE-884D6FD81FF3}.Release|Any CPU.Build.0 = Release|Any CPU
		{2E1BCA01-DB6F-48F7-8FC7-D64BC10DFCFC}.Debug|Any CPU.ActiveCfg = Debug|Any CPU
		{2E1BCA01-DB6F-48F7-8FC7-D64BC10DFCFC}.Debug|Any CPU.Build.0 = Debug|Any CPU
		{2E1BCA01-DB6F-48F7-8FC7-D64BC10DFCFC}.Release|Any CPU.ActiveCfg = Release|Any CPU
		{2E1BCA01-DB6F-48F7-8FC7-D64BC10DFCFC}.Release|Any CPU.Build.0 = Release|Any CPU
		{62FA6DCD-7DF0-4457-AC16-3E5D25A15CF2}.Debug|Any CPU.ActiveCfg = Debug|Any CPU
		{62FA6DCD-7DF0-4457-AC16-3E5D25A15CF2}.Debug|Any CPU.Build.0 = Debug|Any CPU
		{62FA6DCD-7DF0-4457-AC16-3E5D25A15CF2}.Release|Any CPU.ActiveCfg = Release|Any CPU
		{62FA6DCD-7DF0-4457-AC16-3E5D25A15CF2}.Release|Any CPU.Build.0 = Release|Any CPU
		{22A79E83-2899-492E-A6D4-9E8044D9BC6F}.Debug|Any CPU.ActiveCfg = Debug|Any CPU
		{22A79E83-2899-492E-A6D4-9E8044D9BC6F}.Debug|Any CPU.Build.0 = Debug|Any CPU
		{22A79E83-2899-492E-A6D4-9E8044D9BC6F}.Release|Any CPU.ActiveCfg = Release|Any CPU
		{22A79E83-2899-492E-A6D4-9E8044D9BC6F}.Release|Any CPU.Build.0 = Release|Any CPU
		{FB8FC44B-B311-447C-8699-639C4DF19A04}.Debug|Any CPU.ActiveCfg = Debug|Any CPU
		{FB8FC44B-B311-447C-8699-639C4DF19A04}.Debug|Any CPU.Build.0 = Debug|Any CPU
		{FB8FC44B-B311-447C-8699-639C4DF19A04}.Release|Any CPU.ActiveCfg = Release|Any CPU
		{FB8FC44B-B311-447C-8699-639C4DF19A04}.Release|Any CPU.Build.0 = Release|Any CPU
		{2B734623-CF83-4A2F-9B4B-9150749A40A6}.Debug|Any CPU.ActiveCfg = Debug|Any CPU
		{2B734623-CF83-4A2F-9B4B-9150749A40A6}.Debug|Any CPU.Build.0 = Debug|Any CPU
		{2B734623-CF83-4A2F-9B4B-9150749A40A6}.Release|Any CPU.ActiveCfg = Release|Any CPU
		{2B734623-CF83-4A2F-9B4B-9150749A40A6}.Release|Any CPU.Build.0 = Release|Any CPU
	EndGlobalSection
	GlobalSection(SolutionProperties) = preSolution
		HideSolutionNode = FALSE
	EndGlobalSection
	GlobalSection(NestedProjects) = preSolution
		{8E74B5DA-5180-4953-9D5A-64861BA15D08} = {5B1644BA-0675-42CC-B475-702BBA9171FB}
		{2B7668B7-993F-4480-B60C-3E9D337C7E7C} = {5B1644BA-0675-42CC-B475-702BBA9171FB}
		{E3CAD136-5E7B-4F00-99E5-E603B136E632} = {10187481-406D-48C2-8BDF-9624EA158455}
		{E21098F4-0741-433F-AD18-92DE2EA9903B} = {B82E7B86-5D45-4A5D-B6BB-79EBA37B3A0A}
		{05333C8C-8A0C-4053-BCAE-884D6FD81FF3} = {E89B5F77-58DB-4EFD-9A7D-ADB571747959}
		{2E1BCA01-DB6F-48F7-8FC7-D64BC10DFCFC} = {E89B5F77-58DB-4EFD-9A7D-ADB571747959}
		{62FA6DCD-7DF0-4457-AC16-3E5D25A15CF2} = {B82E7B86-5D45-4A5D-B6BB-79EBA37B3A0A}
		{B82E7B86-5D45-4A5D-B6BB-79EBA37B3A0A} = {E53171B8-5CFB-46D5-948B-6E5EDF8AC3DA}
		{E89B5F77-58DB-4EFD-9A7D-ADB571747959} = {B82E7B86-5D45-4A5D-B6BB-79EBA37B3A0A}
		{FA64E865-C495-40E4-B48F-B94C4527B092} = {E53171B8-5CFB-46D5-948B-6E5EDF8AC3DA}
		{22A79E83-2899-492E-A6D4-9E8044D9BC6F} = {5A36D4BE-1C61-4107-B061-4DF0D5F4CC49}
		{5A36D4BE-1C61-4107-B061-4DF0D5F4CC49} = {FA64E865-C495-40E4-B48F-B94C4527B092}
		{7A0F257D-6CB9-4420-8B87-206517F541B5} = {FA64E865-C495-40E4-B48F-B94C4527B092}
		{FB8FC44B-B311-447C-8699-639C4DF19A04} = {7A0F257D-6CB9-4420-8B87-206517F541B5}
		{2B734623-CF83-4A2F-9B4B-9150749A40A6} = {D25D356C-FF6B-4CF0-BB88-2360EEA1259D}
	EndGlobalSection
EndGlobal
